{
  "name": "@abihf/depgraph",
  "version": "0.0.0",
  "lockfileVersion": 1,
  "requires": true,
  "dependencies": {
    "@napi-rs/cli": {
      "version": "2.4.5",
      "resolved": "https://registry.npmjs.org/@napi-rs/cli/-/cli-2.4.5.tgz",
      "integrity": "sha512-CLa3PSHh4Y760OXkHidzfHavVtfbQyfMhj3sWpta3SZjbWMk0tbdPhRez9y8KVApVVWjBxz5agEeFMfxxr+KTg==",
      "dev": true
    }
  }
}
